{
  "requires": true,
  "lockfileVersion": 1,
  "dependencies": {
    "@tensorflow-models/mobilenet": {
      "version": "2.1.0",
      "resolved": "https://registry.npmjs.org/@tensorflow-models/mobilenet/-/mobilenet-2.1.0.tgz",
      "integrity": "sha512-JjqT9ijHDFA2FEpUGWg7H2lQ0GrMuE2VmiCRBYmUew6b4JKht8LXDjG5HxZh95YH6c/25sZWTpGeHbquloH+hw=="
    }
  }
}
